{
    "_meta": {
        "hash": {
            "sha256": "dbbe4546133b3ca5cfdd9de84bd5eb16aca17c8722e6c1e48555c110bbff556b"
        },
        "host-environment-markers": {
            "implementation_name": "cpython",
            "implementation_version": "3.6.9",
            "os_name": "posix",
            "platform_machine": "x86_64",
            "platform_python_implementation": "CPython",
            "platform_release": "5.0.0-37-generic",
            "platform_system": "Linux",
            "platform_version": "#40~18.04.1-Ubuntu SMP Thu Nov 14 12:06:39 UTC 2019",
            "python_full_version": "3.6.9",
            "python_version": "3.6",
            "sys_platform": "linux"
        },
        "pipfile-spec": 6,
        "requires": {
            "python_version": "3.6"
        },
        "sources": [
            {
                "name": "pypi",
                "url": "https://pypi.python.org/simple",
                "verify_ssl": true
            }
        ]
    },
    "default": {
        "dpath": {
            "hashes": [
                "sha256:0f635f49e88843a4a519aca1c599faee271730f818a81860827e7d7b4d40273f"
            ],
            "version": "==1.4.2"
        }
    },
    "develop": {}
}
