{
    "_meta": {
        "hash": {
            "sha256": "a5d190a6f331bb6e11b20c259071155fedae0d6f03ccbb1db42ccea6b11a2b62"
        },
        "pipfile-spec": 6,
        "requires": {
            "python_version": "3.6"
        },
        "sources": [
            {
                "name": "pypi",
                "url": "https://pypi.python.org/simple",
                "verify_ssl": true
            }
        ]
    },
    "default": {
        "dpath": {
            "hashes": [
                "sha256:0f635f49e88843a4a519aca1c599faee271730f818a81860827e7d7b4d40273f"
            ],
            "index": "pypi",
            "version": "==1.4.2"
        },
        "progress": {
            "hashes": [
                "sha256:69ecedd1d1bbe71bf6313d88d1e6c4d2957b7f1d4f71312c211257f7dae64372",
                "sha256:f79479a7c79afb4cfe5f604d53a41a420d91647e7d3551d1164d2e77b92fff92"
            ],
            "index": "pypi",
            "version": "==1.5"
        }
    },
    "develop": {}
}
